
Microsoft Visual Studio Solution File, Format Version 12.00
# Visual Studio Version 17
VisualStudioVersion = 17.5.001.0
MinimumVisualStudioVersion = 10.0.40219.1
Project("{9A19103F-16F7-4668-BE54-9A1E7A4F7556}") = "AW3.GR.OpenAI.API", "AW3.GR.OpenAI.API\AW3.GR.OpenAI.API.csproj", "{6DE7A0B6-9B9C-498B-B639-815DF866BF00}"
EndProject
Project("{9A19103F-16F7-4668-BE54-9A1E7A4F7556}") = "AW3.GR.OpenAI.Application", "AW3.GR.OpenAI.Application\AW3.GR.OpenAI.Application.csproj", "{3070E111-2A84-4E27-B170-6A74B4B39A59}"
EndProject
Project("{9A19103F-16F7-4668-BE54-9A1E7A4F7556}") = "AW3.GR.OpenAI.Contracts", "AW3.GR.OpenAI.Contracts\AW3.GR.OpenAI.Contracts.csproj", "{61B203E6-5C1B-46FE-9E61-EBA453A43FBD}"
EndProject
Project("{9A19103F-16F7-4668-BE54-9A1E7A4F7556}") = "AW3.GR.OpenAI.Domain", "AW3.GR.OpenAI.Domain\AW3.GR.OpenAI.Domain.csproj", "{6C532F72-765C-41DD-8F1A-A9E9DD62E3BF}"
EndProject
Project("{9A19103F-16F7-4668-BE54-9A1E7A4F7556}") = "AW3.GR.OpenAI.Infrastructure", "AW3.GR.OpenAI.Infrastructure\AW3.GR.OpenAI.Infrastructure.csproj", "{2966BB3B-1674-428F-A20A-0A9E6BA0F9D3}"
EndProject
Global
	GlobalSection(SolutionConfigurationPlatforms) = preSolution
		Debug|Any CPU = Debug|Any CPU
		Release|Any CPU = Release|Any CPU
	EndGlobalSection
	GlobalSection(ProjectConfigurationPlatforms) = postSolution
		{6DE7A0B6-9B9C-498B-B639-815DF866BF00}.Debug|Any CPU.ActiveCfg = Debug|Any CPU
		{6DE7A0B6-9B9C-498B-B639-815DF866BF00}.Debug|Any CPU.Build.0 = Debug|Any CPU
		{6DE7A0B6-9B9C-498B-B639-815DF866BF00}.Release|Any CPU.ActiveCfg = Release|Any CPU
		{6DE7A0B6-9B9C-498B-B639-815DF866BF00}.Release|Any CPU.Build.0 = Release|Any CPU
		{3070E111-2A84-4E27-B170-6A74B4B39A59}.Debug|Any CPU.ActiveCfg = Debug|Any CPU
		{3070E111-2A84-4E27-B170-6A74B4B39A59}.Debug|Any CPU.Build.0 = Debug|Any CPU
		{3070E111-2A84-4E27-B170-6A74B4B39A59}.Release|Any CPU.ActiveCfg = Release|Any CPU
		{3070E111-2A84-4E27-B170-6A74B4B39A59}.Release|Any CPU.Build.0 = Release|Any CPU
		{61B203E6-5C1B-46FE-9E61-EBA453A43FBD}.Debug|Any CPU.ActiveCfg = Debug|Any CPU
		{61B203E6-5C1B-46FE-9E61-EBA453A43FBD}.Debug|Any CPU.Build.0 = Debug|Any CPU
		{61B203E6-5C1B-46FE-9E61-EBA453A43FBD}.Release|Any CPU.ActiveCfg = Release|Any CPU
		{61B203E6-5C1B-46FE-9E61-EBA453A43FBD}.Release|Any CPU.Build.0 = Release|Any CPU
		{6C532F72-765C-41DD-8F1A-A9E9DD62E3BF}.Debug|Any CPU.ActiveCfg = Debug|Any CPU
		{6C532F72-765C-41DD-8F1A-A9E9DD62E3BF}.Debug|Any CPU.Build.0 = Debug|Any CPU
		{6C532F72-765C-41DD-8F1A-A9E9DD62E3BF}.Release|Any CPU.ActiveCfg = Release|Any CPU
		{6C532F72-765C-41DD-8F1A-A9E9DD62E3BF}.Release|Any CPU.Build.0 = Release|Any CPU
		{2966BB3B-1674-428F-A20A-0A9E6BA0F9D3}.Debug|Any CPU.ActiveCfg = Debug|Any CPU
		{2966BB3B-1674-428F-A20A-0A9E6BA0F9D3}.Debug|Any CPU.Build.0 = Debug|Any CPU
		{2966BB3B-1674-428F-A20A-0A9E6BA0F9D3}.Release|Any CPU.ActiveCfg = Release|Any CPU
		{2966BB3B-1674-428F-A20A-0A9E6BA0F9D3}.Release|Any CPU.Build.0 = Release|Any CPU
	EndGlobalSection
	GlobalSection(SolutionProperties) = preSolution
		HideSolutionNode = FALSE
	EndGlobalSection
	GlobalSection(ExtensibilityGlobals) = postSolution
		SolutionGuid = {06D1D302-2B8B-4D19-88EE-BDF1BABF7E78}
	EndGlobalSection
EndGlobal
